// !$*UTF8*$!
{
	archiveVersion = 1;
	classes = {
	};
	objectVersion = 46;
	objects = {

/* Begin PBXBuildFile section */
		D64B40191D936A67000F1FC4 /* AppDelegate.swift in Sources */ = {isa = PBXBuildFile; fileRef = D64B40181D936A67000F1FC4 /* AppDelegate.swift */; };
		D64B401B1D936A67000F1FC4 /* ViewController.swift in Sources */ = {isa = PBXBuildFile; fileRef = D64B401A1D936A67000F1FC4 /* ViewController.swift */; };
		D64B401E1D936A67000F1FC4 /* WalkThrough.storyboard in Resources */ = {isa = PBXBuildFile; fileRef = D64B401C1D936A67000F1FC4 /* WalkThrough.storyboard */; };
		D64B40201D936A68000F1FC4 /* Assets.xcassets in Resources */ = {isa = PBXBuildFile; fileRef = D64B401F1D936A68000F1FC4 /* Assets.xcassets */; };
		D64B40231D936A68000F1FC4 /* LaunchScreen.storyboard in Resources */ = {isa = PBXBuildFile; fileRef = D64B40211D936A68000F1FC4 /* LaunchScreen.storyboard */; };
		D64B402E1D936A68000F1FC4 /* SamplePageView3Tests.swift in Sources */ = {isa = PBXBuildFile; fileRef = D64B402D1D936A68000F1FC4 /* SamplePageView3Tests.swift */; };
		D64B40391D936A68000F1FC4 /* SamplePageView3UITests.swift in Sources */ = {isa = PBXBuildFile; fileRef = D64B40381D936A68000F1FC4 /* SamplePageView3UITests.swift */; };
		D64B40471D936AC8000F1FC4 /* Page1ViewController.swift in Sources */ = {isa = PBXBuildFile; fileRef = D64B40461D936AC8000F1FC4 /* Page1ViewController.swift */; };
		D64B40491D936AEA000F1FC4 /* Page2ViewController.swift in Sources */ = {isa = PBXBuildFile; fileRef = D64B40481D936AEA000F1FC4 /* Page2ViewController.swift */; };
		D64B404B1D936B23000F1FC4 /* Page3ViewController.swift in Sources */ = {isa = PBXBuildFile; fileRef = D64B404A1D936B23000F1FC4 /* Page3ViewController.swift */; };
		D64B404D1D936B5E000F1FC4 /* PageViewController.swift in Sources */ = {isa = PBXBuildFile; fileRef = D64B404C1D936B5E000F1FC4 /* PageViewController.swift */; };
/* End PBXBuildFile section */

/* Begin PBXContainerItemProxy section */
		D64B402A1D936A68000F1FC4 /* PBXContainerItemProxy */ = {
			isa = PBXContainerItemProxy;
			containerPortal = D64B400D1D936A67000F1FC4 /* Project object */;
			proxyType = 1;
			remoteGlobalIDString = D64B40141D936A67000F1FC4;
			remoteInfo = SamplePageView3;
		};
		D64B40351D936A68000F1FC4 /* PBXContainerItemProxy */ = {
			isa = PBXContainerItemProxy;
			containerPortal = D64B400D1D936A67000F1FC4 /* Project object */;
			proxyType = 1;
			remoteGlobalIDString = D64B40141D936A67000F1FC4;
			remoteInfo = SamplePageView3;
		};
/* End PBXContainerItemProxy section */

/* Begin PBXFileReference section */
		D64B40151D936A67000F1FC4 /* SamplePageView3.app */ = {isa = PBXFileReference; explicitFileType = wrapper.application; includeInIndex = 0; path = SamplePageView3.app; sourceTree = BUILT_PRODUCTS_DIR; };
		D64B40181D936A67000F1FC4 /* AppDelegate.swift */ = {isa = PBXFileReference; lastKnownFileType = sourcecode.swift; path = AppDelegate.swift; sourceTree = "<group>"; };
		D64B401A1D936A67000F1FC4 /* ViewController.swift */ = {isa = PBXFileReference; lastKnownFileType = sourcecode.swift; path = ViewController.swift; sourceTree = "<group>"; };
		D64B401D1D936A67000F1FC4 /* Base */ = {isa = PBXFileReference; lastKnownFileType = file.storyboard; name = Base; path = Base.lproj/WalkThrough.storyboard; sourceTree = "<group>"; };
		D64B401F1D936A68000F1FC4 /* Assets.xcassets */ = {isa = PBXFileReference; lastKnownFileType = folder.assetcatalog; path = Assets.xcassets; sourceTree = "<group>"; };
		D64B40221D936A68000F1FC4 /* Base */ = {isa = PBXFileReference; lastKnownFileType = file.storyboard; name = Base; path = Base.lproj/LaunchScreen.storyboard; sourceTree = "<group>"; };
		D64B40241D936A68000F1FC4 /* Info.plist */ = {isa = PBXFileReference; lastKnownFileType = text.plist.xml; path = Info.plist; sourceTree = "<group>"; };
		D64B40291D936A68000F1FC4 /* SamplePageView3Tests.xctest */ = {isa = PBXFileReference; explicitFileType = wrapper.cfbundle; includeInIndex = 0; path = SamplePageView3Tests.xctest; sourceTree = BUILT_PRODUCTS_DIR; };
		D64B402D1D936A68000F1FC4 /* SamplePageView3Tests.swift */ = {isa = PBXFileReference; lastKnownFileType = sourcecode.swift; path = SamplePageView3Tests.swift; sourceTree = "<group>"; };
		D64B402F1D936A68000F1FC4 /* Info.plist */ = {isa = PBXFileReference; lastKnownFileType = text.plist.xml; path = Info.plist; sourceTree = "<group>"; };
		D64B40341D936A68000F1FC4 /* SamplePageView3UITests.xctest */ = {isa = PBXFileReference; explicitFileType = wrapper.cfbundle; includeInIndex = 0; path = SamplePageView3UITests.xctest; sourceTree = BUILT_PRODUCTS_DIR; };
		D64B40381D936A68000F1FC4 /* SamplePageView3UITests.swift */ = {isa = PBXFileReference; lastKnownFileType = sourcecode.swift; path = SamplePageView3UITests.swift; sourceTree = "<group>"; };
		D64B403A1D936A68000F1FC4 /* Info.plist */ = {isa = PBXFileReference; lastKnownFileType = text.plist.xml; path = Info.plist; sourceTree = "<group>"; };
		D64B40461D936AC8000F1FC4 /* Page1ViewController.swift */ = {isa = PBXFileReference; fileEncoding = 4; lastKnownFileType = sourcecode.swift; path = Page1ViewController.swift; sourceTree = "<group>"; };
		D64B40481D936AEA000F1FC4 /* Page2ViewController.swift */ = {isa = PBXFileReference; fileEncoding = 4; lastKnownFileType = sourcecode.swift; path = Page2ViewController.swift; sourceTree = "<group>"; };
		D64B404A1D936B23000F1FC4 /* Page3ViewController.swift */ = {isa = PBXFileReference; fileEncoding = 4; lastKnownFileType = sourcecode.swift; path = Page3ViewController.swift; sourceTree = "<group>"; };
		D64B404C1D936B5E000F1FC4 /* PageViewController.swift */ = {isa = PBXFileReference; fileEncoding = 4; lastKnownFileType = sourcecode.swift; path = PageViewController.swift; sourceTree = "<group>"; };
/* End PBXFileReference section */

/* Begin PBXFrameworksBuildPhase section */
		D64B40121D936A67000F1FC4 /* Frameworks */ = {
			isa = PBXFrameworksBuildPhase;
			buildActionMask = 2147483647;
			files = (
			);
			runOnlyForDeploymentPostprocessing = 0;
		};
		D64B40261D936A68000F1FC4 /* Frameworks */ = {
			isa = PBXFrameworksBuildPhase;
			buildActionMask = 2147483647;
			files = (
			);
			runOnlyForDeploymentPostprocessing = 0;
		};
		D64B40311D936A68000F1FC4 /* Frameworks */ = {
			isa = PBXFrameworksBuildPhase;
			buildActionMask = 2147483647;
			files = (
			);
			runOnlyForDeploymentPostprocessing = 0;
		};
/* End PBXFrameworksBuildPhase section */

/* Begin PBXGroup section */
		D60AC3391D93A4A700F198DD /* WalkThrough */ = {
			isa = PBXGroup;
			children = (
				D64B401A1D936A67000F1FC4 /* ViewController.swift */,
				D64B404C1D936B5E000F1FC4 /* PageViewController.swift */,
				D64B40461D936AC8000F1FC4 /* Page1ViewController.swift */,
				D64B40481D936AEA000F1FC4 /* Page2ViewController.swift */,
				D64B404A1D936B23000F1FC4 /* Page3ViewController.swift */,
				D64B401C1D936A67000F1FC4 /* WalkThrough.storyboard */,
			);
			name = WalkThrough;
			sourceTree = "<group>";
		};
		D60AC33A1D93A51900F198DD /* Controllers */ = {
			isa = PBXGroup;
			children = (
				D60AC3391D93A4A700F198DD /* WalkThrough */,
			);
			name = Controllers;
			sourceTree = "<group>";
		};
		D64B400C1D936A67000F1FC4 = {
			isa = PBXGroup;
			children = (
				D64B40171D936A67000F1FC4 /* SamplePageView3 */,
				D64B402C1D936A68000F1FC4 /* SamplePageView3Tests */,
				D64B40371D936A68000F1FC4 /* SamplePageView3UITests */,
				D64B40161D936A67000F1FC4 /* Products */,
			);
			sourceTree = "<group>";
		};
		D64B40161D936A67000F1FC4 /* Products */ = {
			isa = PBXGroup;
			children = (
				D64B40151D936A67000F1FC4 /* SamplePageView3.app */,
				D64B40291D936A68000F1FC4 /* SamplePageView3Tests.xctest */,
				D64B40341D936A68000F1FC4 /* SamplePageView3UITests.xctest */,
			);
			name = Products;
			sourceTree = "<group>";
		};
		D64B40171D936A67000F1FC4 /* SamplePageView3 */ = {
			isa = PBXGroup;
			children = (
				D60AC33A1D93A51900F198DD /* Controllers */,
				D64B40181D936A67000F1FC4 /* AppDelegate.swift */,
				D64B401F1D936A68000F1FC4 /* Assets.xcassets */,
				D64B40211D936A68000F1FC4 /* LaunchScreen.storyboard */,
				D64B40241D936A68000F1FC4 /* Info.plist */,
			);
			path = SamplePageView3;
			sourceTree = "<group>";
		};
		D64B402C1D936A68000F1FC4 /* SamplePageView3Tests */ = {
			isa = PBXGroup;
			children = (
				D64B402D1D936A68000F1FC4 /* SamplePageView3Tests.swift */,
				D64B402F1D936A68000F1FC4 /* Info.plist */,
			);
			path = SamplePageView3Tests;
			sourceTree = "<group>";
		};
		D64B40371D936A68000F1FC4 /* SamplePageView3UITests */ = {
			isa = PBXGroup;
			children = (
				D64B40381D936A68000F1FC4 /* SamplePageView3UITests.swift */,
				D64B403A1D936A68000F1FC4 /* Info.plist */,
			);
			path = SamplePageView3UITests;
			sourceTree = "<group>";
		};
/* End PBXGroup section */

/* Begin PBXNativeTarget section */
		D64B40141D936A67000F1FC4 /* SamplePageView3 */ = {
			isa = PBXNativeTarget;
			buildConfigurationList = D64B403D1D936A68000F1FC4 /* Build configuration list for PBXNativeTarget "SamplePageView3" */;
			buildPhases = (
				D64B40111D936A67000F1FC4 /* Sources */,
				D64B40121D936A67000F1FC4 /* Frameworks */,
				D64B40131D936A67000F1FC4 /* Resources */,
			);
			buildRules = (
			);
			dependencies = (
			);
			name = SamplePageView3;
			productName = SamplePageView3;
			productReference = D64B40151D936A67000F1FC4 /* SamplePageView3.app */;
			productType = "com.apple.product-type.application";
		};
		D64B40281D936A68000F1FC4 /* SamplePageView3Tests */ = {
			isa = PBXNativeTarget;
			buildConfigurationList = D64B40401D936A68000F1FC4 /* Build configuration list for PBXNativeTarget "SamplePageView3Tests" */;
			buildPhases = (
				D64B40251D936A68000F1FC4 /* Sources */,
				D64B40261D936A68000F1FC4 /* Frameworks */,
				D64B40271D936A68000F1FC4 /* Resources */,
			);
			buildRules = (
			);
			dependencies = (
				D64B402B1D936A68000F1FC4 /* PBXTargetDependency */,
			);
			name = SamplePageView3Tests;
			productName = SamplePageView3Tests;
			productReference = D64B40291D936A68000F1FC4 /* SamplePageView3Tests.xctest */;
			productType = "com.apple.product-type.bundle.unit-test";
		};
		D64B40331D936A68000F1FC4 /* SamplePageView3UITests */ = {
			isa = PBXNativeTarget;
			buildConfigurationList = D64B40431D936A68000F1FC4 /* Build configuration list for PBXNativeTarget "SamplePageView3UITests" */;
			buildPhases = (
				D64B40301D936A68000F1FC4 /* Sources */,
				D64B40311D936A68000F1FC4 /* Frameworks */,
				D64B40321D936A68000F1FC4 /* Resources */,
			);
			buildRules = (
			);
			dependencies = (
				D64B40361D936A68000F1FC4 /* PBXTargetDependency */,
			);
			name = SamplePageView3UITests;
			productName = SamplePageView3UITests;
			productReference = D64B40341D936A68000F1FC4 /* SamplePageView3UITests.xctest */;
			productType = "com.apple.product-type.bundle.ui-testing";
		};
/* End PBXNativeTarget section */

/* Begin PBXProject section */
		D64B400D1D936A67000F1FC4 /* Project object */ = {
			isa = PBXProject;
			attributes = {
				LastSwiftUpdateCheck = 0800;
				LastUpgradeCheck = 0800;
				ORGANIZATIONNAME = "中村祐太";
				TargetAttributes = {
					D64B40141D936A67000F1FC4 = {
						CreatedOnToolsVersion = 8.0;
						ProvisioningStyle = Automatic;
					};
					D64B40281D936A68000F1FC4 = {
						CreatedOnToolsVersion = 8.0;
						ProvisioningStyle = Automatic;
						TestTargetID = D64B40141D936A67000F1FC4;
					};
					D64B40331D936A68000F1FC4 = {
						CreatedOnToolsVersion = 8.0;
						ProvisioningStyle = Automatic;
						TestTargetID = D64B40141D936A67000F1FC4;
					};
				};
			};
			buildConfigurationList = D64B40101D936A67000F1FC4 /* Build configuration list for PBXProject "SamplePageView3" */;
			compatibilityVersion = "Xcode 3.2";
			developmentRegion = English;
			hasScannedForEncodings = 0;
			knownRegions = (
				en,
				Base,
			);
			mainGroup = D64B400C1D936A67000F1FC4;
			productRefGroup = D64B40161D936A67000F1FC4 /* Products */;
			projectDirPath = "";
			projectRoot = "";
			targets = (
				D64B40141D936A67000F1FC4 /* SamplePageView3 */,
				D64B40281D936A68000F1FC4 /* SamplePageView3Tests */,
				D64B40331D936A68000F1FC4 /* SamplePageView3UITests */,
			);
		};
/* End PBXProject section */

/* Begin PBXResourcesBuildPhase section */
		D64B40131D936A67000F1FC4 /* Resources */ = {
			isa = PBXResourcesBuildPhase;
			buildActionMask = 2147483647;
			files = (
				D64B40231D936A68000F1FC4 /* LaunchScreen.storyboard in Resources */,
				D64B40201D936A68000F1FC4 /* Assets.xcassets in Resources */,
				D64B401E1D936A67000F1FC4 /* WalkThrough.storyboard in Resources */,
			);
			runOnlyForDeploymentPostprocessing = 0;
		};
		D64B40271D936A68000F1FC4 /* Resources */ = {
			isa = PBXResourcesBuildPhase;
			buildActionMask = 2147483647;
			files = (
			);
			runOnlyForDeploymentPostprocessing = 0;
		};
		D64B40321D936A68000F1FC4 /* Resources */ = {
			isa = PBXResourcesBuildPhase;
			buildActionMask = 2147483647;
			files = (
			);
			runOnlyForDeploymentPostprocessing = 0;
		};
/* End PBXResourcesBuildPhase section */

/* Begin PBXSourcesBuildPhase section */
		D64B40111D936A67000F1FC4 /* Sources */ = {
			isa = PBXSourcesBuildPhase;
			buildActionMask = 2147483647;
			files = (
				D64B40471D936AC8000F1FC4 /* Page1ViewController.swift in Sources */,
				D64B401B1D936A67000F1FC4 /* ViewController.swift in Sources */,
				D64B40491D936AEA000F1FC4 /* Page2ViewController.swift in Sources */,
				D64B404D1D936B5E000F1FC4 /* PageViewController.swift in Sources */,
				D64B404B1D936B23000F1FC4 /* Page3ViewController.swift in Sources */,
				D64B40191D936A67000F1FC4 /* AppDelegate.swift in Sources */,
			);
			runOnlyForDeploymentPostprocessing = 0;
		};
		D64B40251D936A68000F1FC4 /* Sources */ = {
			isa = PBXSourcesBuildPhase;
			buildActionMask = 2147483647;
			files = (
				D64B402E1D936A68000F1FC4 /* SamplePageView3Tests.swift in Sources */,
			);
			runOnlyForDeploymentPostprocessing = 0;
		};
		D64B40301D936A68000F1FC4 /* Sources */ = {
			isa = PBXSourcesBuildPhase;
			buildActionMask = 2147483647;
			files = (
				D64B40391D936A68000F1FC4 /* SamplePageView3UITests.swift in Sources */,
			);
			runOnlyForDeploymentPostprocessing = 0;
		};
/* End PBXSourcesBuildPhase section */

/* Begin PBXTargetDependency section */
		D64B402B1D936A68000F1FC4 /* PBXTargetDependency */ = {
			isa = PBXTargetDependency;
			target = D64B40141D936A67000F1FC4 /* SamplePageView3 */;
			targetProxy = D64B402A1D936A68000F1FC4 /* PBXContainerItemProxy */;
		};
		D64B40361D936A68000F1FC4 /* PBXTargetDependency */ = {
			isa = PBXTargetDependency;
			target = D64B40141D936A67000F1FC4 /* SamplePageView3 */;
			targetProxy = D64B40351D936A68000F1FC4 /* PBXContainerItemProxy */;
		};
/* End PBXTargetDependency section */

/* Begin PBXVariantGroup section */
		D64B401C1D936A67000F1FC4 /* WalkThrough.storyboard */ = {
			isa = PBXVariantGroup;
			children = (
				D64B401D1D936A67000F1FC4 /* Base */,
			);
			name = WalkThrough.storyboard;
			sourceTree = "<group>";
		};
		D64B40211D936A68000F1FC4 /* LaunchScreen.storyboard */ = {
			isa = PBXVariantGroup;
			children = (
				D64B40221D936A68000F1FC4 /* Base */,
			);
			name = LaunchScreen.storyboard;
			sourceTree = "<group>";
		};
/* End PBXVariantGroup section */

/* Begin XCBuildConfiguration section */
		D64B403B1D936A68000F1FC4 /* Debug */ = {
			isa = XCBuildConfiguration;
			buildSettings = {
				ALWAYS_SEARCH_USER_PATHS = NO;
				CLANG_ANALYZER_NONNULL = YES;
				CLANG_CXX_LANGUAGE_STANDARD = "gnu++0x";
				CLANG_CXX_LIBRARY = "libc++";
				CLANG_ENABLE_MODULES = YES;
				CLANG_ENABLE_OBJC_ARC = YES;
				CLANG_WARN_BOOL_CONVERSION = YES;
				CLANG_WARN_CONSTANT_CONVERSION = YES;
				CLANG_WARN_DIRECT_OBJC_ISA_USAGE = YES_ERROR;
				CLANG_WARN_DOCUMENTATION_COMMENTS = YES;
				CLANG_WARN_EMPTY_BODY = YES;
				CLANG_WARN_ENUM_CONVERSION = YES;
				CLANG_WARN_INFINITE_RECURSION = YES;
				CLANG_WARN_INT_CONVERSION = YES;
				CLANG_WARN_OBJC_ROOT_CLASS = YES_ERROR;
				CLANG_WARN_SUSPICIOUS_MOVES = YES;
				CLANG_WARN_UNREACHABLE_CODE = YES;
				CLANG_WARN__DUPLICATE_METHOD_MATCH = YES;
				"CODE_SIGN_IDENTITY[sdk=iphoneos*]" = "iPhone Developer";
				COPY_PHASE_STRIP = NO;
				DEBUG_INFORMATION_FORMAT = dwarf;
				ENABLE_STRICT_OBJC_MSGSEND = YES;
				ENABLE_TESTABILITY = YES;
				GCC_C_LANGUAGE_STANDARD = gnu99;
				GCC_DYNAMIC_NO_PIC = NO;
				GCC_NO_COMMON_BLOCKS = YES;
				GCC_OPTIMIZATION_LEVEL = 0;
				GCC_PREPROCESSOR_DEFINITIONS = (
					"DEBUG=1",
					"$(inherited)",
				);
				GCC_WARN_64_TO_32_BIT_CONVERSION = YES;
				GCC_WARN_ABOUT_RETURN_TYPE = YES_ERROR;
				GCC_WARN_UNDECLARED_SELECTOR = YES;
				GCC_WARN_UNINITIALIZED_AUTOS = YES_AGGRESSIVE;
				GCC_WARN_UNUSED_FUNCTION = YES;
				GCC_WARN_UNUSED_VARIABLE = YES;
				IPHONEOS_DEPLOYMENT_TARGET = 10.0;
				MTL_ENABLE_DEBUG_INFO = YES;
				ONLY_ACTIVE_ARCH = YES;
				SDKROOT = iphoneos;
				SWIFT_ACTIVE_COMPILATION_CONDITIONS = DEBUG;
				SWIFT_OPTIMIZATION_LEVEL = "-Onone";
			};
			name = Debug;
		};
		D64B403C1D936A68000F1FC4 /* Release */ = {
			isa = XCBuildConfiguration;
			buildSettings = {
				ALWAYS_SEARCH_USER_PATHS = NO;
				CLANG_ANALYZER_NONNULL = YES;
				CLANG_CXX_LANGUAGE_STANDARD = "gnu++0x";
				CLANG_CXX_LIBRARY = "libc++";
				CLANG_ENABLE_MODULES = YES;
				CLANG_ENABLE_OBJC_ARC = YES;
				CLANG_WARN_BOOL_CONVERSION = YES;
				CLANG_WARN_CONSTANT_CONVERSION = YES;
				CLANG_WARN_DIRECT_OBJC_ISA_USAGE = YES_ERROR;
				CLANG_WARN_DOCUMENTATION_COMMENTS = YES;
				CLANG_WARN_EMPTY_BODY = YES;
				CLANG_WARN_ENUM_CONVERSION = YES;
				CLANG_WARN_INFINITE_RECURSION = YES;
				CLANG_WARN_INT_CONVERSION = YES;
				CLANG_WARN_OBJC_ROOT_CLASS = YES_ERROR;
				CLANG_WARN_SUSPICIOUS_MOVES = YES;
				CLANG_WARN_UNREACHABLE_CODE = YES;
				CLANG_WARN__DUPLICATE_METHOD_MATCH = YES;
				"CODE_SIGN_IDENTITY[sdk=iphoneos*]" = "iPhone Developer";
				COPY_PHASE_STRIP = NO;
				DEBUG_INFORMATION_FORMAT = "dwarf-with-dsym";
				ENABLE_NS_ASSERTIONS = NO;
				ENABLE_STRICT_OBJC_MSGSEND = YES;
				GCC_C_LANGUAGE_STANDARD = gnu99;
				GCC_NO_COMMON_BLOCKS = YES;
				GCC_WARN_64_TO_32_BIT_CONVERSION = YES;
				GCC_WARN_ABOUT_RETURN_TYPE = YES_ERROR;
				GCC_WARN_UNDECLARED_SELECTOR = YES;
				GCC_WARN_UNINITIALIZED_AUTOS = YES_AGGRESSIVE;
				GCC_WARN_UNUSED_FUNCTION = YES;
				GCC_WARN_UNUSED_VARIABLE = YES;
				IPHONEOS_DEPLOYMENT_TARGET = 10.0;
				MTL_ENABLE_DEBUG_INFO = NO;
				SDKROOT = iphoneos;
				SWIFT_OPTIMIZATION_LEVEL = "-Owholemodule";
				VALIDATE_PRODUCT = YES;
			};
			name = Release;
		};
		D64B403E1D936A68000F1FC4 /* Debug */ = {
			isa = XCBuildConfiguration;
			buildSettings = {
				ASSETCATALOG_COMPILER_APPICON_NAME = AppIcon;
				INFOPLIST_FILE = SamplePageView3/Info.plist;
				LD_RUNPATH_SEARCH_PATHS = "$(inherited) @executable_path/Frameworks";
				PRODUCT_BUNDLE_IDENTIFIER = com.gnkmr.SamplePageView3;
				PRODUCT_NAME = "$(TARGET_NAME)";
				SWIFT_VERSION = 3.0;
			};
			name = Debug;
		};
		D64B403F1D936A68000F1FC4 /* Release */ = {
			isa = XCBuildConfiguration;
			buildSettings = {
				ASSETCATALOG_COMPILER_APPICON_NAME = AppIcon;
				INFOPLIST_FILE = SamplePageView3/Info.plist;
				LD_RUNPATH_SEARCH_PATHS = "$(inherited) @executable_path/Frameworks";
				PRODUCT_BUNDLE_IDENTIFIER = com.gnkmr.SamplePageView3;
				PRODUCT_NAME = "$(TARGET_NAME)";
				SWIFT_VERSION = 3.0;
			};
			name = Release;
		};
		D64B40411D936A68000F1FC4 /* Debug */ = {
			isa = XCBuildConfiguration;
			buildSettings = {
				ALWAYS_EMBED_SWIFT_STANDARD_LIBRARIES = YES;
				BUNDLE_LOADER = "$(TEST_HOST)";
				INFOPLIST_FILE = SamplePageView3Tests/Info.plist;
				LD_RUNPATH_SEARCH_PATHS = "$(inherited) @executable_path/Frameworks @loader_path/Frameworks";
				PRODUCT_BUNDLE_IDENTIFIER = com.gnkmr.SamplePageView3Tests;
				PRODUCT_NAME = "$(TARGET_NAME)";
				SWIFT_VERSION = 3.0;
				TEST_HOST = "$(BUILT_PRODUCTS_DIR)/SamplePageView3.app/SamplePageView3";
			};
			name = Debug;
		};
		D64B40421D936A68000F1FC4 /* Release */ = {
			isa = XCBuildConfiguration;
			buildSettings = {
				ALWAYS_EMBED_SWIFT_STANDARD_LIBRARIES = YES;
				BUNDLE_LOADER = "$(TEST_HOST)";
				INFOPLIST_FILE = SamplePageView3Tests/Info.plist;
				LD_RUNPATH_SEARCH_PATHS = "$(inherited) @executable_path/Frameworks @loader_path/Frameworks";
				PRODUCT_BUNDLE_IDENTIFIER = com.gnkmr.SamplePageView3Tests;
				PRODUCT_NAME = "$(TARGET_NAME)";
				SWIFT_VERSION = 3.0;
				TEST_HOST = "$(BUILT_PRODUCTS_DIR)/SamplePageView3.app/SamplePageView3";
			};
			name = Release;
		};
		D64B40441D936A68000F1FC4 /* Debug */ = {
			isa = XCBuildConfiguration;
			buildSettings = {
				ALWAYS_EMBED_SWIFT_STANDARD_LIBRARIES = YES;
				INFOPLIST_FILE = SamplePageView3UITests/Info.plist;
				LD_RUNPATH_SEARCH_PATHS = "$(inherited) @executable_path/Frameworks @loader_path/Frameworks";
				PRODUCT_BUNDLE_IDENTIFIER = com.gnkmr.SamplePageView3UITests;
				PRODUCT_NAME = "$(TARGET_NAME)";
				SWIFT_VERSION = 3.0;
				TEST_TARGET_NAME = SamplePageView3;
			};
			name = Debug;
		};
		D64B40451D936A68000F1FC4 /* Release */ = {
			isa = XCBuildConfiguration;
			buildSettings = {
				ALWAYS_EMBED_SWIFT_STANDARD_LIBRARIES = YES;
				INFOPLIST_FILE = SamplePageView3UITests/Info.plist;
				LD_RUNPATH_SEARCH_PATHS = "$(inherited) @executable_path/Frameworks @loader_path/Frameworks";
				PRODUCT_BUNDLE_IDENTIFIER = com.gnkmr.SamplePageView3UITests;
				PRODUCT_NAME = "$(TARGET_NAME)";
				SWIFT_VERSION = 3.0;
				TEST_TARGET_NAME = SamplePageView3;
			};
			name = Release;
		};
/* End XCBuildConfiguration section */

/* Begin XCConfigurationList section */
		D64B40101D936A67000F1FC4 /* Build configuration list for PBXProject "SamplePageView3" */ = {
			isa = XCConfigurationList;
			buildConfigurations = (
				D64B403B1D936A68000F1FC4 /* Debug */,
				D64B403C1D936A68000F1FC4 /* Release */,
			);
			defaultConfigurationIsVisible = 0;
			defaultConfigurationName = Release;
		};
		D64B403D1D936A68000F1FC4 /* Build configuration list for PBXNativeTarget "SamplePageView3" */ = {
			isa = XCConfigurationList;
			buildConfigurations = (
				D64B403E1D936A68000F1FC4 /* Debug */,
				D64B403F1D936A68000F1FC4 /* Release */,
			);
			defaultConfigurationIsVisible = 0;
			defaultConfigurationName = Release;
		};
		D64B40401D936A68000F1FC4 /* Build configuration list for PBXNativeTarget "SamplePageView3Tests" */ = {
			isa = XCConfigurationList;
			buildConfigurations = (
				D64B40411D936A68000F1FC4 /* Debug */,
				D64B40421D936A68000F1FC4 /* Release */,
			);
			defaultConfigurationIsVisible = 0;
			defaultConfigurationName = Release;
		};
		D64B40431D936A68000F1FC4 /* Build configuration list for PBXNativeTarget "SamplePageView3UITests" */ = {
			isa = XCConfigurationList;
			buildConfigurations = (
				D64B40441D936A68000F1FC4 /* Debug */,
				D64B40451D936A68000F1FC4 /* Release */,
			);
			defaultConfigurationIsVisible = 0;
			defaultConfigurationName = Release;
		};
/* End XCConfigurationList section */
	};
	rootObject = D64B400D1D936A67000F1FC4 /* Project object */;
}
